{
  "name": "flutter_my_templates",
  "version": "1.0.0",
  "lockfileVersion": 2,
  "requires": true,
  "packages": {
    "": {
      "name": "flutter_my_templates",
      "version": "1.0.0",
      "license": "ISC",
      "devDependencies": {
        "lefthook": "^1.0.5"
      }
    },
    "node_modules/lefthook": {
      "version": "1.0.5",
      "resolved": "https://registry.npmjs.org/lefthook/-/lefthook-1.0.5.tgz",
      "integrity": "sha512-P88yhltUgNRLhIhHZhn9oyt6aXmN3COIcWZMUHoS7qlkJcPtT05ad9QVhGKhrCrzST0PM5EY6ccxU/tQOd91NQ==",
      "dev": true,
      "bin": {
        "lefthook": "bin/index.js"
      },
      "optionalDependencies": {
        "lefthook-darwin-arm64": "1.0.5",
        "lefthook-darwin-x64": "1.0.5",
        "lefthook-linux-arm64": "1.0.5",
        "lefthook-linux-x64": "1.0.5",
        "lefthook-windows-arm64": "1.0.5",
        "lefthook-windows-x64": "1.0.5"
      }
    },
    "node_modules/lefthook-darwin-arm64": {
      "version": "1.0.5",
      "resolved": "https://registry.npmjs.org/lefthook-darwin-arm64/-/lefthook-darwin-arm64-1.0.5.tgz",
      "integrity": "sha512-YdInyAo5ziagvLfXqK6FYIv/pe3r/cjMVDy2qkP9Z8c+FDitKbC2O7zaWfxKF0CHK/KHKP9bM2Xncl24sHO39A==",
      "cpu": [
        "arm64"
      ],
      "dev": true,
      "optional": true,
      "os": [
        "darwin"
      ]
    },
    "node_modules/lefthook-darwin-x64": {
      "version": "1.0.5",
      "resolved": "https://registry.npmjs.org/lefthook-darwin-x64/-/lefthook-darwin-x64-1.0.5.tgz",
      "integrity": "sha512-zzdllHq4hUHafwUgLOsOijPjWbP24TykONyaCFw/49PSxUZQ6Nb0HF4wIF7z/pebLNl8wzshM0jK3LyMj4TBzA==",
      "cpu": [
        "x64"
      ],
      "dev": true,
      "optional": true,
      "os": [
        "darwin"
      ]
    },
    "node_modules/lefthook-linux-arm64": {
      "version": "1.0.5",
      "resolved": "https://registry.npmjs.org/lefthook-linux-arm64/-/lefthook-linux-arm64-1.0.5.tgz",
      "integrity": "sha512-CP6Qicq372WbAQ+s+A7+6lkA5UAplBDyfZ/quih6lLu8bWDZl9TrPO5BwkAwByS2ra2dry5lNK4r5Q5F5z6aog==",
      "cpu": [
        "arm64"
      ],
      "dev": true,
      "optional": true,
      "os": [
        "linux"
      ]
    },
    "node_modules/lefthook-linux-x64": {
      "version": "1.0.5",
      "resolved": "https://registry.npmjs.org/lefthook-linux-x64/-/lefthook-linux-x64-1.0.5.tgz",
      "integrity": "sha512-EPK09TUtktSFVERqWCg+vE41mLAK4bpO41o5NbOm/aifg1Usk6wG30i5Oh1fw+affuAMDAoPKNKHRP1EzTTh7Q==",
      "cpu": [
        "x64"
      ],
      "dev": true,
      "optional": true,
      "os": [
        "linux"
      ]
    },
    "node_modules/lefthook-windows-arm64": {
      "version": "1.0.5",
      "resolved": "https://registry.npmjs.org/lefthook-windows-arm64/-/lefthook-windows-arm64-1.0.5.tgz",
      "integrity": "sha512-9gyvUxXF3ItmhdchB+Feby2Vq2lU3j5q6qD82ePoW4R16nXj2Zo9bvnCsMVXsVYAuCOAUEO1lw/EtVIsOCm35g==",
      "cpu": [
        "arm64"
      ],
      "dev": true,
      "optional": true,
      "os": [
        "win32"
      ]
    },
    "node_modules/lefthook-windows-x64": {
      "version": "1.0.5",
      "resolved": "https://registry.npmjs.org/lefthook-windows-x64/-/lefthook-windows-x64-1.0.5.tgz",
      "integrity": "sha512-s0vmMuBUhkLlZeKX4N+lUVMxvinKOxFESUZQ0RQ5akd8S9gYEzY+mXbmGE0VudpkiuRZFWitqdcuLKG7FLXFVw==",
      "cpu": [
        "x64"
      ],
      "dev": true,
      "optional": true,
      "os": [
        "win32"
      ]
    }
  },
  "dependencies": {
    "lefthook": {
      "version": "1.0.5",
      "resolved": "https://registry.npmjs.org/lefthook/-/lefthook-1.0.5.tgz",
      "integrity": "sha512-P88yhltUgNRLhIhHZhn9oyt6aXmN3COIcWZMUHoS7qlkJcPtT05ad9QVhGKhrCrzST0PM5EY6ccxU/tQOd91NQ==",
      "dev": true,
      "requires": {
        "lefthook-darwin-arm64": "1.0.5",
        "lefthook-darwin-x64": "1.0.5",
        "lefthook-linux-arm64": "1.0.5",
        "lefthook-linux-x64": "1.0.5",
        "lefthook-windows-arm64": "1.0.5",
        "lefthook-windows-x64": "1.0.5"
      }
    },
    "lefthook-darwin-arm64": {
      "version": "1.0.5",
      "resolved": "https://registry.npmjs.org/lefthook-darwin-arm64/-/lefthook-darwin-arm64-1.0.5.tgz",
      "integrity": "sha512-YdInyAo5ziagvLfXqK6FYIv/pe3r/cjMVDy2qkP9Z8c+FDitKbC2O7zaWfxKF0CHK/KHKP9bM2Xncl24sHO39A==",
      "dev": true,
      "optional": true
    },
    "lefthook-darwin-x64": {
      "version": "1.0.5",
      "resolved": "https://registry.npmjs.org/lefthook-darwin-x64/-/lefthook-darwin-x64-1.0.5.tgz",
      "integrity": "sha512-zzdllHq4hUHafwUgLOsOijPjWbP24TykONyaCFw/49PSxUZQ6Nb0HF4wIF7z/pebLNl8wzshM0jK3LyMj4TBzA==",
      "dev": true,
      "optional": true
    },
    "lefthook-linux-arm64": {
      "version": "1.0.5",
      "resolved": "https://registry.npmjs.org/lefthook-linux-arm64/-/lefthook-linux-arm64-1.0.5.tgz",
      "integrity": "sha512-CP6Qicq372WbAQ+s+A7+6lkA5UAplBDyfZ/quih6lLu8bWDZl9TrPO5BwkAwByS2ra2dry5lNK4r5Q5F5z6aog==",
      "dev": true,
      "optional": true
    },
    "lefthook-linux-x64": {
      "version": "1.0.5",
      "resolved": "https://registry.npmjs.org/lefthook-linux-x64/-/lefthook-linux-x64-1.0.5.tgz",
      "integrity": "sha512-EPK09TUtktSFVERqWCg+vE41mLAK4bpO41o5NbOm/aifg1Usk6wG30i5Oh1fw+affuAMDAoPKNKHRP1EzTTh7Q==",
      "dev": true,
      "optional": true
    },
    "lefthook-windows-arm64": {
      "version": "1.0.5",
      "resolved": "https://registry.npmjs.org/lefthook-windows-arm64/-/lefthook-windows-arm64-1.0.5.tgz",
      "integrity": "sha512-9gyvUxXF3ItmhdchB+Feby2Vq2lU3j5q6qD82ePoW4R16nXj2Zo9bvnCsMVXsVYAuCOAUEO1lw/EtVIsOCm35g==",
      "dev": true,
      "optional": true
    },
    "lefthook-windows-x64": {
      "version": "1.0.5",
      "resolved": "https://registry.npmjs.org/lefthook-windows-x64/-/lefthook-windows-x64-1.0.5.tgz",
      "integrity": "sha512-s0vmMuBUhkLlZeKX4N+lUVMxvinKOxFESUZQ0RQ5akd8S9gYEzY+mXbmGE0VudpkiuRZFWitqdcuLKG7FLXFVw==",
      "dev": true,
      "optional": true
    }
  }
}
